
Microsoft Visual Studio Solution File, Format Version 12.00
# Visual Studio Version 17
VisualStudioVersion = 17.7.34202.233
MinimumVisualStudioVersion = 10.0.40219.1
Project("{FAE04EC0-301F-11D3-BF4B-00C04F79EFBC}") = "Bivens_VehicleInventory", "Bivens_VehicleInventory\Bivens_VehicleInventory.csproj", "{6AA3A4E5-83E1-4CE4-8082-B4B4F33E2486}"
EndProject
Global
	GlobalSection(SolutionConfigurationPlatforms) = preSolution
		Debug|Any CPU = Debug|Any CPU
		Release|Any CPU = Release|Any CPU
	EndGlobalSection
	GlobalSection(ProjectConfigurationPlatforms) = postSolution
		{6AA3A4E5-83E1-4CE4-8082-B4B4F33E2486}.Debug|Any CPU.ActiveCfg = Debug|Any CPU
		{6AA3A4E5-83E1-4CE4-8082-B4B4F33E2486}.Debug|Any CPU.Build.0 = Debug|Any CPU
		{6AA3A4E5-83E1-4CE4-8082-B4B4F33E2486}.Release|Any CPU.ActiveCfg = Release|Any CPU
		{6AA3A4E5-83E1-4CE4-8082-B4B4F33E2486}.Release|Any CPU.Build.0 = Release|Any CPU
	EndGlobalSection
	GlobalSection(SolutionProperties) = preSolution
		HideSolutionNode = FALSE
	EndGlobalSection
	GlobalSection(ExtensibilityGlobals) = postSolution
		SolutionGuid = {CFDB15C3-5CF4-4D91-8407-778A808FA7A5}
	EndGlobalSection
EndGlobal
